
Microsoft Visual Studio Solution File, Format Version 12.00
# Visual Studio Version 16
VisualStudioVersion = 16.0.29411.138
MinimumVisualStudioVersion = 10.0.40219.1
Project("{9A19103F-16F7-4668-BE54-9A1E7A4F7556}") = "IQToolkit", "IQToolkit\IQToolkit.csproj", "{5599EA0D-0602-4BF5-BFC9-33DB76D46CF9}"
EndProject
Project("{9A19103F-16F7-4668-BE54-9A1E7A4F7556}") = "IQToolkit.Data", "IQToolkit.Data\IQToolkit.Data.csproj", "{3A356510-9C25-4A94-87B9-EEB31B6A1303}"
EndProject
Project("{9A19103F-16F7-4668-BE54-9A1E7A4F7556}") = "IQToolkit.Data.SqlClient", "IQToolkit.Data.SqlClient\IQToolkit.Data.SqlClient.csproj", "{3F003957-1B67-440B-BAFE-C2B32886A429}"
EndProject
Project("{9A19103F-16F7-4668-BE54-9A1E7A4F7556}") = "IQToolkit.Data.Ado", "IQToolkit.Data.Ado\IQToolkit.Data.Ado.csproj", "{130854D0-8529-49E1-8E56-8E7F64DA3399}"
EndProject
Project("{9A19103F-16F7-4668-BE54-9A1E7A4F7556}") = "ConsoleApp1", "ConsoleApp1\ConsoleApp1.csproj", "{95331497-21C1-4229-AE33-2E23E26F3F59}"
EndProject
Project("{9A19103F-16F7-4668-BE54-9A1E7A4F7556}") = "Hopex.Core", "..\..\..\Core\Core\Hopex.Core.csproj", "{7756351E-930E-446E-A8A0-88E8B29839FA}"
EndProject
Global
	GlobalSection(SolutionConfigurationPlatforms) = preSolution
		Debug|Any CPU = Debug|Any CPU
		Release|Any CPU = Release|Any CPU
	EndGlobalSection
	GlobalSection(ProjectConfigurationPlatforms) = postSolution
		{5599EA0D-0602-4BF5-BFC9-33DB76D46CF9}.Debug|Any CPU.ActiveCfg = Debug|Any CPU
		{5599EA0D-0602-4BF5-BFC9-33DB76D46CF9}.Debug|Any CPU.Build.0 = Debug|Any CPU
		{5599EA0D-0602-4BF5-BFC9-33DB76D46CF9}.Release|Any CPU.ActiveCfg = Release|Any CPU
		{5599EA0D-0602-4BF5-BFC9-33DB76D46CF9}.Release|Any CPU.Build.0 = Release|Any CPU
		{3A356510-9C25-4A94-87B9-EEB31B6A1303}.Debug|Any CPU.ActiveCfg = Debug|Any CPU
		{3A356510-9C25-4A94-87B9-EEB31B6A1303}.Debug|Any CPU.Build.0 = Debug|Any CPU
		{3A356510-9C25-4A94-87B9-EEB31B6A1303}.Release|Any CPU.ActiveCfg = Release|Any CPU
		{3A356510-9C25-4A94-87B9-EEB31B6A1303}.Release|Any CPU.Build.0 = Release|Any CPU
		{3F003957-1B67-440B-BAFE-C2B32886A429}.Debug|Any CPU.ActiveCfg = Debug|Any CPU
		{3F003957-1B67-440B-BAFE-C2B32886A429}.Debug|Any CPU.Build.0 = Debug|Any CPU
		{3F003957-1B67-440B-BAFE-C2B32886A429}.Release|Any CPU.ActiveCfg = Release|Any CPU
		{3F003957-1B67-440B-BAFE-C2B32886A429}.Release|Any CPU.Build.0 = Release|Any CPU
		{130854D0-8529-49E1-8E56-8E7F64DA3399}.Debug|Any CPU.ActiveCfg = Debug|Any CPU
		{130854D0-8529-49E1-8E56-8E7F64DA3399}.Debug|Any CPU.Build.0 = Debug|Any CPU
		{130854D0-8529-49E1-8E56-8E7F64DA3399}.Release|Any CPU.ActiveCfg = Release|Any CPU
		{130854D0-8529-49E1-8E56-8E7F64DA3399}.Release|Any CPU.Build.0 = Release|Any CPU
		{95331497-21C1-4229-AE33-2E23E26F3F59}.Debug|Any CPU.ActiveCfg = Debug|Any CPU
		{95331497-21C1-4229-AE33-2E23E26F3F59}.Debug|Any CPU.Build.0 = Debug|Any CPU
		{95331497-21C1-4229-AE33-2E23E26F3F59}.Release|Any CPU.ActiveCfg = Release|Any CPU
		{95331497-21C1-4229-AE33-2E23E26F3F59}.Release|Any CPU.Build.0 = Release|Any CPU
		{7756351E-930E-446E-A8A0-88E8B29839FA}.Debug|Any CPU.ActiveCfg = Debug|Any CPU
		{7756351E-930E-446E-A8A0-88E8B29839FA}.Debug|Any CPU.Build.0 = Debug|Any CPU
		{7756351E-930E-446E-A8A0-88E8B29839FA}.Release|Any CPU.ActiveCfg = Release|Any CPU
		{7756351E-930E-446E-A8A0-88E8B29839FA}.Release|Any CPU.Build.0 = Release|Any CPU
	EndGlobalSection
	GlobalSection(SolutionProperties) = preSolution
		HideSolutionNode = FALSE
	EndGlobalSection
	GlobalSection(ExtensibilityGlobals) = postSolution
		SolutionGuid = {1DCE9B14-C418-46AC-A31D-D5286E81F9CE}
	EndGlobalSection
EndGlobal
